{
  "requires": true,
  "lockfileVersion": 1,
  "dependencies": {
    "html-tags": {
      "version": "2.0.0",
      "resolved": "https://registry.npmjs.org/html-tags/-/html-tags-2.0.0.tgz",
      "integrity": "sha1-ELMKOGCF9Dzt41PMj6fLDe7qZos="
    },
    "react-safe": {
      "version": "1.3.0",
      "resolved": "https://registry.npmjs.org/react-safe/-/react-safe-1.3.0.tgz",
      "integrity": "sha512-cG2yuUTSU34qwUimtL//Ys85tcWWV+RxnozXePh8Zn00+UGkyNX3j6juJiQMNfTYCKKm3ITzcrECp1ZDsv4keA==",
      "requires": {
        "html-tags": "^2.0.0"
      }
    }
  }
}
